
Microsoft Visual Studio Solution File, Format Version 12.00
# Visual Studio 2013
VisualStudioVersion = 12.0.31101.0
MinimumVisualStudioVersion = 10.0.40219.1
Project("{FAE04EC0-301F-11D3-BF4B-00C04F79EFBC}") = "AL.Client.SharePoint", "AL.Client.SharePoint\AL.Client.SharePoint.csproj", "{DD5927F9-E3E9-46E6-BE2C-F0F47E9FE4B9}"
EndProject
Project("{2150E333-8FDC-42A3-9474-1A3956D46DE8}") = "Solution Items", "Solution Items", "{77147F68-9A50-4F56-B3EF-BCE762C34921}"
	ProjectSection(SolutionItems) = preProject
		README.md = README.md
	EndProjectSection
EndProject
Project("{FAE04EC0-301F-11D3-BF4B-00C04F79EFBC}") = "AL.Client.SharePoint.Web", "AL.Client.SharePoint.Web\AL.Client.SharePoint.Web.csproj", "{AE74BB88-4007-4B56-AF83-45E9BB6D6362}"
EndProject
Global
	GlobalSection(SolutionConfigurationPlatforms) = preSolution
		Debug|Any CPU = Debug|Any CPU
		Release|Any CPU = Release|Any CPU
	EndGlobalSection
	GlobalSection(ProjectConfigurationPlatforms) = postSolution
		{DD5927F9-E3E9-46E6-BE2C-F0F47E9FE4B9}.Debug|Any CPU.ActiveCfg = Debug|Any CPU
		{DD5927F9-E3E9-46E6-BE2C-F0F47E9FE4B9}.Debug|Any CPU.Build.0 = Debug|Any CPU
		{DD5927F9-E3E9-46E6-BE2C-F0F47E9FE4B9}.Debug|Any CPU.Deploy.0 = Debug|Any CPU
		{DD5927F9-E3E9-46E6-BE2C-F0F47E9FE4B9}.Release|Any CPU.ActiveCfg = Release|Any CPU
		{DD5927F9-E3E9-46E6-BE2C-F0F47E9FE4B9}.Release|Any CPU.Build.0 = Release|Any CPU
		{DD5927F9-E3E9-46E6-BE2C-F0F47E9FE4B9}.Release|Any CPU.Deploy.0 = Release|Any CPU
		{AE74BB88-4007-4B56-AF83-45E9BB6D6362}.Debug|Any CPU.ActiveCfg = Debug|Any CPU
		{AE74BB88-4007-4B56-AF83-45E9BB6D6362}.Debug|Any CPU.Build.0 = Debug|Any CPU
		{AE74BB88-4007-4B56-AF83-45E9BB6D6362}.Release|Any CPU.ActiveCfg = Release|Any CPU
		{AE74BB88-4007-4B56-AF83-45E9BB6D6362}.Release|Any CPU.Build.0 = Release|Any CPU
	EndGlobalSection
	GlobalSection(SolutionProperties) = preSolution
		HideSolutionNode = FALSE
	EndGlobalSection
EndGlobal
